// !$*UTF8*$!
{
	archiveVersion = 1;
	classes = {
	};
	objectVersion = 48;
	objects = {

/* Begin PBXBuildFile section */
		026B511820FCA6D70014030F /* AppDelegate.m in Sources */ = {isa = PBXBuildFile; fileRef = 026B511720FCA6D70014030F /* AppDelegate.m */; };
		026B511B20FCA6D70014030F /* ViewController.m in Sources */ = {isa = PBXBuildFile; fileRef = 026B511A20FCA6D70014030F /* ViewController.m */; };
		026B511E20FCA6D70014030F /* Main.storyboard in Resources */ = {isa = PBXBuildFile; fileRef = 026B511C20FCA6D70014030F /* Main.storyboard */; };
		026B512020FCA6D70014030F /* Assets.xcassets in Resources */ = {isa = PBXBuildFile; fileRef = 026B511F20FCA6D70014030F /* Assets.xcassets */; };
		026B512320FCA6D70014030F /* LaunchScreen.storyboard in Resources */ = {isa = PBXBuildFile; fileRef = 026B512120FCA6D70014030F /* LaunchScreen.storyboard */; };
		026B512620FCA6D70014030F /* main.m in Sources */ = {isa = PBXBuildFile; fileRef = 026B512520FCA6D70014030F /* main.m */; };
		026B513020FCA6D70014030F /* WeatherViperTests.m in Sources */ = {isa = PBXBuildFile; fileRef = 026B512F20FCA6D70014030F /* WeatherViperTests.m */; };
		026B513B20FCA6D70014030F /* WeatherViperUITests.m in Sources */ = {isa = PBXBuildFile; fileRef = 026B513A20FCA6D70014030F /* WeatherViperUITests.m */; };
		41BAB9507B46BD22CC4423AB /* Pods_WeatherViper.framework in Frameworks */ = {isa = PBXBuildFile; fileRef = 507B1AC055DA58DED9AE23C3 /* Pods_WeatherViper.framework */; };
/* End PBXBuildFile section */

/* Begin PBXContainerItemProxy section */
		026B512C20FCA6D70014030F /* PBXContainerItemProxy */ = {
			isa = PBXContainerItemProxy;
			containerPortal = 026B510B20FCA6D70014030F /* Project object */;
			proxyType = 1;
			remoteGlobalIDString = 026B511220FCA6D70014030F;
			remoteInfo = WeatherViper;
		};
		026B513720FCA6D70014030F /* PBXContainerItemProxy */ = {
			isa = PBXContainerItemProxy;
			containerPortal = 026B510B20FCA6D70014030F /* Project object */;
			proxyType = 1;
			remoteGlobalIDString = 026B511220FCA6D70014030F;
			remoteInfo = WeatherViper;
		};
/* End PBXContainerItemProxy section */

/* Begin PBXFileReference section */
		026B511320FCA6D70014030F /* WeatherViper.app */ = {isa = PBXFileReference; explicitFileType = wrapper.application; includeInIndex = 0; path = WeatherViper.app; sourceTree = BUILT_PRODUCTS_DIR; };
		026B511620FCA6D70014030F /* AppDelegate.h */ = {isa = PBXFileReference; lastKnownFileType = sourcecode.c.h; path = AppDelegate.h; sourceTree = "<group>"; };
		026B511720FCA6D70014030F /* AppDelegate.m */ = {isa = PBXFileReference; lastKnownFileType = sourcecode.c.objc; path = AppDelegate.m; sourceTree = "<group>"; };
		026B511920FCA6D70014030F /* ViewController.h */ = {isa = PBXFileReference; lastKnownFileType = sourcecode.c.h; path = ViewController.h; sourceTree = "<group>"; };
		026B511A20FCA6D70014030F /* ViewController.m */ = {isa = PBXFileReference; lastKnownFileType = sourcecode.c.objc; path = ViewController.m; sourceTree = "<group>"; };
		026B511D20FCA6D70014030F /* Base */ = {isa = PBXFileReference; lastKnownFileType = file.storyboard; name = Base; path = Base.lproj/Main.storyboard; sourceTree = "<group>"; };
		026B511F20FCA6D70014030F /* Assets.xcassets */ = {isa = PBXFileReference; lastKnownFileType = folder.assetcatalog; path = Assets.xcassets; sourceTree = "<group>"; };
		026B512220FCA6D70014030F /* Base */ = {isa = PBXFileReference; lastKnownFileType = file.storyboard; name = Base; path = Base.lproj/LaunchScreen.storyboard; sourceTree = "<group>"; };
		026B512420FCA6D70014030F /* Info.plist */ = {isa = PBXFileReference; lastKnownFileType = text.plist.xml; path = Info.plist; sourceTree = "<group>"; };
		026B512520FCA6D70014030F /* main.m */ = {isa = PBXFileReference; lastKnownFileType = sourcecode.c.objc; path = main.m; sourceTree = "<group>"; };
		026B512B20FCA6D70014030F /* WeatherViperTests.xctest */ = {isa = PBXFileReference; explicitFileType = wrapper.cfbundle; includeInIndex = 0; path = WeatherViperTests.xctest; sourceTree = BUILT_PRODUCTS_DIR; };
		026B512F20FCA6D70014030F /* WeatherViperTests.m */ = {isa = PBXFileReference; lastKnownFileType = sourcecode.c.objc; path = WeatherViperTests.m; sourceTree = "<group>"; };
		026B513120FCA6D70014030F /* Info.plist */ = {isa = PBXFileReference; lastKnownFileType = text.plist.xml; path = Info.plist; sourceTree = "<group>"; };
		026B513620FCA6D70014030F /* WeatherViperUITests.xctest */ = {isa = PBXFileReference; explicitFileType = wrapper.cfbundle; includeInIndex = 0; path = WeatherViperUITests.xctest; sourceTree = BUILT_PRODUCTS_DIR; };
		026B513A20FCA6D70014030F /* WeatherViperUITests.m */ = {isa = PBXFileReference; lastKnownFileType = sourcecode.c.objc; path = WeatherViperUITests.m; sourceTree = "<group>"; };
		026B513C20FCA6D70014030F /* Info.plist */ = {isa = PBXFileReference; lastKnownFileType = text.plist.xml; path = Info.plist; sourceTree = "<group>"; };
		3181F11F3B9ED4AB65CC3309 /* Pods-WeatherViper.release.xcconfig */ = {isa = PBXFileReference; includeInIndex = 1; lastKnownFileType = text.xcconfig; name = "Pods-WeatherViper.release.xcconfig"; path = "Pods/Target Support Files/Pods-WeatherViper/Pods-WeatherViper.release.xcconfig"; sourceTree = "<group>"; };
		507B1AC055DA58DED9AE23C3 /* Pods_WeatherViper.framework */ = {isa = PBXFileReference; explicitFileType = wrapper.framework; includeInIndex = 0; path = Pods_WeatherViper.framework; sourceTree = BUILT_PRODUCTS_DIR; };
		EA7CA7FB454DD1829096344E /* Pods-WeatherViper.debug.xcconfig */ = {isa = PBXFileReference; includeInIndex = 1; lastKnownFileType = text.xcconfig; name = "Pods-WeatherViper.debug.xcconfig"; path = "Pods/Target Support Files/Pods-WeatherViper/Pods-WeatherViper.debug.xcconfig"; sourceTree = "<group>"; };
/* End PBXFileReference section */

/* Begin PBXFrameworksBuildPhase section */
		026B511020FCA6D70014030F /* Frameworks */ = {
			isa = PBXFrameworksBuildPhase;
			buildActionMask = 2147483647;
			files = (
				41BAB9507B46BD22CC4423AB /* Pods_WeatherViper.framework in Frameworks */,
			);
			runOnlyForDeploymentPostprocessing = 0;
		};
		026B512820FCA6D70014030F /* Frameworks */ = {
			isa = PBXFrameworksBuildPhase;
			buildActionMask = 2147483647;
			files = (
			);
			runOnlyForDeploymentPostprocessing = 0;
		};
		026B513320FCA6D70014030F /* Frameworks */ = {
			isa = PBXFrameworksBuildPhase;
			buildActionMask = 2147483647;
			files = (
			);
			runOnlyForDeploymentPostprocessing = 0;
		};
/* End PBXFrameworksBuildPhase section */

/* Begin PBXGroup section */
		026B510A20FCA6D70014030F = {
			isa = PBXGroup;
			children = (
				026B511520FCA6D70014030F /* WeatherViper */,
				026B512E20FCA6D70014030F /* WeatherViperTests */,
				026B513920FCA6D70014030F /* WeatherViperUITests */,
				026B511420FCA6D70014030F /* Products */,
				EF384CF4019A98E8B13F4B75 /* Pods */,
				51869DD443607127889AD5B6 /* Frameworks */,
			);
			sourceTree = "<group>";
		};
		026B511420FCA6D70014030F /* Products */ = {
			isa = PBXGroup;
			children = (
				026B511320FCA6D70014030F /* WeatherViper.app */,
				026B512B20FCA6D70014030F /* WeatherViperTests.xctest */,
				026B513620FCA6D70014030F /* WeatherViperUITests.xctest */,
			);
			name = Products;
			sourceTree = "<group>";
		};
		026B511520FCA6D70014030F /* WeatherViper */ = {
			isa = PBXGroup;
			children = (
				026B511620FCA6D70014030F /* AppDelegate.h */,
				026B511720FCA6D70014030F /* AppDelegate.m */,
				026B511920FCA6D70014030F /* ViewController.h */,
				026B511A20FCA6D70014030F /* ViewController.m */,
				026B511C20FCA6D70014030F /* Main.storyboard */,
				026B511F20FCA6D70014030F /* Assets.xcassets */,
				026B512120FCA6D70014030F /* LaunchScreen.storyboard */,
				026B512420FCA6D70014030F /* Info.plist */,
				026B512520FCA6D70014030F /* main.m */,
			);
			path = WeatherViper;
			sourceTree = "<group>";
		};
		026B512E20FCA6D70014030F /* WeatherViperTests */ = {
			isa = PBXGroup;
			children = (
				026B512F20FCA6D70014030F /* WeatherViperTests.m */,
				026B513120FCA6D70014030F /* Info.plist */,
			);
			path = WeatherViperTests;
			sourceTree = "<group>";
		};
		026B513920FCA6D70014030F /* WeatherViperUITests */ = {
			isa = PBXGroup;
			children = (
				026B513A20FCA6D70014030F /* WeatherViperUITests.m */,
				026B513C20FCA6D70014030F /* Info.plist */,
			);
			path = WeatherViperUITests;
			sourceTree = "<group>";
		};
		51869DD443607127889AD5B6 /* Frameworks */ = {
			isa = PBXGroup;
			children = (
				507B1AC055DA58DED9AE23C3 /* Pods_WeatherViper.framework */,
			);
			name = Frameworks;
			sourceTree = "<group>";
		};
		EF384CF4019A98E8B13F4B75 /* Pods */ = {
			isa = PBXGroup;
			children = (
				EA7CA7FB454DD1829096344E /* Pods-WeatherViper.debug.xcconfig */,
				3181F11F3B9ED4AB65CC3309 /* Pods-WeatherViper.release.xcconfig */,
			);
			name = Pods;
			sourceTree = "<group>";
		};
/* End PBXGroup section */

/* Begin PBXNativeTarget section */
		026B511220FCA6D70014030F /* WeatherViper */ = {
			isa = PBXNativeTarget;
			buildConfigurationList = 026B513F20FCA6D70014030F /* Build configuration list for PBXNativeTarget "WeatherViper" */;
			buildPhases = (
				C9EBD85BA1B350BB342DBE65 /* [CP] Check Pods Manifest.lock */,
				026B510F20FCA6D70014030F /* Sources */,
				026B511020FCA6D70014030F /* Frameworks */,
				026B511120FCA6D70014030F /* Resources */,
				8EF12F2D60E8E18DB9637BB6 /* [CP] Embed Pods Frameworks */,
			);
			buildRules = (
			);
			dependencies = (
			);
			name = WeatherViper;
			productName = WeatherViper;
			productReference = 026B511320FCA6D70014030F /* WeatherViper.app */;
			productType = "com.apple.product-type.application";
		};
		026B512A20FCA6D70014030F /* WeatherViperTests */ = {
			isa = PBXNativeTarget;
			buildConfigurationList = 026B514220FCA6D70014030F /* Build configuration list for PBXNativeTarget "WeatherViperTests" */;
			buildPhases = (
				026B512720FCA6D70014030F /* Sources */,
				026B512820FCA6D70014030F /* Frameworks */,
				026B512920FCA6D70014030F /* Resources */,
			);
			buildRules = (
			);
			dependencies = (
				026B512D20FCA6D70014030F /* PBXTargetDependency */,
			);
			name = WeatherViperTests;
			productName = WeatherViperTests;
			productReference = 026B512B20FCA6D70014030F /* WeatherViperTests.xctest */;
			productType = "com.apple.product-type.bundle.unit-test";
		};
		026B513520FCA6D70014030F /* WeatherViperUITests */ = {
			isa = PBXNativeTarget;
			buildConfigurationList = 026B514520FCA6D70014030F /* Build configuration list for PBXNativeTarget "WeatherViperUITests" */;
			buildPhases = (
				026B513220FCA6D70014030F /* Sources */,
				026B513320FCA6D70014030F /* Frameworks */,
				026B513420FCA6D70014030F /* Resources */,
			);
			buildRules = (
			);
			dependencies = (
				026B513820FCA6D70014030F /* PBXTargetDependency */,
			);
			name = WeatherViperUITests;
			productName = WeatherViperUITests;
			productReference = 026B513620FCA6D70014030F /* WeatherViperUITests.xctest */;
			productType = "com.apple.product-type.bundle.ui-testing";
		};
/* End PBXNativeTarget section */

/* Begin PBXProject section */
		026B510B20FCA6D70014030F /* Project object */ = {
			isa = PBXProject;
			attributes = {
				LastUpgradeCheck = 0920;
				ORGANIZATIONNAME = rnov;
				TargetAttributes = {
					026B511220FCA6D70014030F = {
						CreatedOnToolsVersion = 9.2;
						ProvisioningStyle = Automatic;
					};
					026B512A20FCA6D70014030F = {
						CreatedOnToolsVersion = 9.2;
						ProvisioningStyle = Automatic;
						TestTargetID = 026B511220FCA6D70014030F;
					};
					026B513520FCA6D70014030F = {
						CreatedOnToolsVersion = 9.2;
						ProvisioningStyle = Automatic;
						TestTargetID = 026B511220FCA6D70014030F;
					};
				};
			};
			buildConfigurationList = 026B510E20FCA6D70014030F /* Build configuration list for PBXProject "WeatherViper" */;
			compatibilityVersion = "Xcode 8.0";
			developmentRegion = en;
			hasScannedForEncodings = 0;
			knownRegions = (
				en,
				Base,
			);
			mainGroup = 026B510A20FCA6D70014030F;
			productRefGroup = 026B511420FCA6D70014030F /* Products */;
			projectDirPath = "";
			projectRoot = "";
			targets = (
				026B511220FCA6D70014030F /* WeatherViper */,
				026B512A20FCA6D70014030F /* WeatherViperTests */,
				026B513520FCA6D70014030F /* WeatherViperUITests */,
			);
		};
/* End PBXProject section */

/* Begin PBXResourcesBuildPhase section */
		026B511120FCA6D70014030F /* Resources */ = {
			isa = PBXResourcesBuildPhase;
			buildActionMask = 2147483647;
			files = (
				026B512320FCA6D70014030F /* LaunchScreen.storyboard in Resources */,
				026B512020FCA6D70014030F /* Assets.xcassets in Resources */,
				026B511E20FCA6D70014030F /* Main.storyboard in Resources */,
			);
			runOnlyForDeploymentPostprocessing = 0;
		};
		026B512920FCA6D70014030F /* Resources */ = {
			isa = PBXResourcesBuildPhase;
			buildActionMask = 2147483647;
			files = (
			);
			runOnlyForDeploymentPostprocessing = 0;
		};
		026B513420FCA6D70014030F /* Resources */ = {
			isa = PBXResourcesBuildPhase;
			buildActionMask = 2147483647;
			files = (
			);
			runOnlyForDeploymentPostprocessing = 0;
		};
/* End PBXResourcesBuildPhase section */

/* Begin PBXShellScriptBuildPhase section */
		8EF12F2D60E8E18DB9637BB6 /* [CP] Embed Pods Frameworks */ = {
			isa = PBXShellScriptBuildPhase;
			buildActionMask = 2147483647;
			files = (
			);
			inputPaths = (
				"${SRCROOT}/Pods/Target Support Files/Pods-WeatherViper/Pods-WeatherViper-frameworks.sh",
				"${BUILT_PRODUCTS_DIR}/RamblerTyphoonUtils/RamblerTyphoonUtils.framework",
				"${BUILT_PRODUCTS_DIR}/Typhoon/Typhoon.framework",
			);
			name = "[CP] Embed Pods Frameworks";
			outputPaths = (
				"${TARGET_BUILD_DIR}/${FRAMEWORKS_FOLDER_PATH}/RamblerTyphoonUtils.framework",
				"${TARGET_BUILD_DIR}/${FRAMEWORKS_FOLDER_PATH}/Typhoon.framework",
			);
			runOnlyForDeploymentPostprocessing = 0;
			shellPath = /bin/sh;
			shellScript = "\"${SRCROOT}/Pods/Target Support Files/Pods-WeatherViper/Pods-WeatherViper-frameworks.sh\"\n";
			showEnvVarsInLog = 0;
		};
		C9EBD85BA1B350BB342DBE65 /* [CP] Check Pods Manifest.lock */ = {
			isa = PBXShellScriptBuildPhase;
			buildActionMask = 2147483647;
			files = (
			);
			inputPaths = (
				"${PODS_PODFILE_DIR_PATH}/Podfile.lock",
				"${PODS_ROOT}/Manifest.lock",
			);
			name = "[CP] Check Pods Manifest.lock";
			outputPaths = (
				"$(DERIVED_FILE_DIR)/Pods-WeatherViper-checkManifestLockResult.txt",
			);
			runOnlyForDeploymentPostprocessing = 0;
			shellPath = /bin/sh;
			shellScript = "diff \"${PODS_PODFILE_DIR_PATH}/Podfile.lock\" \"${PODS_ROOT}/Manifest.lock\" > /dev/null\nif [ $? != 0 ] ; then\n    # print error to STDERR\n    echo \"error: The sandbox is not in sync with the Podfile.lock. Run 'pod install' or update your CocoaPods installation.\" >&2\n    exit 1\nfi\n# This output is used by Xcode 'outputs' to avoid re-running this script phase.\necho \"SUCCESS\" > \"${SCRIPT_OUTPUT_FILE_0}\"\n";
			showEnvVarsInLog = 0;
		};
/* End PBXShellScriptBuildPhase section */

/* Begin PBXSourcesBuildPhase section */
		026B510F20FCA6D70014030F /* Sources */ = {
			isa = PBXSourcesBuildPhase;
			buildActionMask = 2147483647;
			files = (
				026B511B20FCA6D70014030F /* ViewController.m in Sources */,
				026B512620FCA6D70014030F /* main.m in Sources */,
				026B511820FCA6D70014030F /* AppDelegate.m in Sources */,
			);
			runOnlyForDeploymentPostprocessing = 0;
		};
		026B512720FCA6D70014030F /* Sources */ = {
			isa = PBXSourcesBuildPhase;
			buildActionMask = 2147483647;
			files = (
				026B513020FCA6D70014030F /* WeatherViperTests.m in Sources */,
			);
			runOnlyForDeploymentPostprocessing = 0;
		};
		026B513220FCA6D70014030F /* Sources */ = {
			isa = PBXSourcesBuildPhase;
			buildActionMask = 2147483647;
			files = (
				026B513B20FCA6D70014030F /* WeatherViperUITests.m in Sources */,
			);
			runOnlyForDeploymentPostprocessing = 0;
		};
/* End PBXSourcesBuildPhase section */

/* Begin PBXTargetDependency section */
		026B512D20FCA6D70014030F /* PBXTargetDependency */ = {
			isa = PBXTargetDependency;
			target = 026B511220FCA6D70014030F /* WeatherViper */;
			targetProxy = 026B512C20FCA6D70014030F /* PBXContainerItemProxy */;
		};
		026B513820FCA6D70014030F /* PBXTargetDependency */ = {
			isa = PBXTargetDependency;
			target = 026B511220FCA6D70014030F /* WeatherViper */;
			targetProxy = 026B513720FCA6D70014030F /* PBXContainerItemProxy */;
		};
/* End PBXTargetDependency section */

/* Begin PBXVariantGroup section */
		026B511C20FCA6D70014030F /* Main.storyboard */ = {
			isa = PBXVariantGroup;
			children = (
				026B511D20FCA6D70014030F /* Base */,
			);
			name = Main.storyboard;
			sourceTree = "<group>";
		};
		026B512120FCA6D70014030F /* LaunchScreen.storyboard */ = {
			isa = PBXVariantGroup;
			children = (
				026B512220FCA6D70014030F /* Base */,
			);
			name = LaunchScreen.storyboard;
			sourceTree = "<group>";
		};
/* End PBXVariantGroup section */

/* Begin XCBuildConfiguration section */
		026B513D20FCA6D70014030F /* Debug */ = {
			isa = XCBuildConfiguration;
			buildSettings = {
				ALWAYS_SEARCH_USER_PATHS = NO;
				CLANG_ANALYZER_NONNULL = YES;
				CLANG_ANALYZER_NUMBER_OBJECT_CONVERSION = YES_AGGRESSIVE;
				CLANG_CXX_LANGUAGE_STANDARD = "gnu++14";
				CLANG_CXX_LIBRARY = "libc++";
				CLANG_ENABLE_MODULES = YES;
				CLANG_ENABLE_OBJC_ARC = YES;
				CLANG_WARN_BLOCK_CAPTURE_AUTORELEASING = YES;
				CLANG_WARN_BOOL_CONVERSION = YES;
				CLANG_WARN_COMMA = YES;
				CLANG_WARN_CONSTANT_CONVERSION = YES;
				CLANG_WARN_DIRECT_OBJC_ISA_USAGE = YES_ERROR;
				CLANG_WARN_DOCUMENTATION_COMMENTS = YES;
				CLANG_WARN_EMPTY_BODY = YES;
				CLANG_WARN_ENUM_CONVERSION = YES;
				CLANG_WARN_INFINITE_RECURSION = YES;
				CLANG_WARN_INT_CONVERSION = YES;
				CLANG_WARN_NON_LITERAL_NULL_CONVERSION = YES;
				CLANG_WARN_OBJC_LITERAL_CONVERSION = YES;
				CLANG_WARN_OBJC_ROOT_CLASS = YES_ERROR;
				CLANG_WARN_RANGE_LOOP_ANALYSIS = YES;
				CLANG_WARN_STRICT_PROTOTYPES = YES;
				CLANG_WARN_SUSPICIOUS_MOVE = YES;
				CLANG_WARN_UNGUARDED_AVAILABILITY = YES_AGGRESSIVE;
				CLANG_WARN_UNREACHABLE_CODE = YES;
				CLANG_WARN__DUPLICATE_METHOD_MATCH = YES;
				CODE_SIGN_IDENTITY = "iPhone Developer";
				COPY_PHASE_STRIP = NO;
				DEBUG_INFORMATION_FORMAT = dwarf;
				ENABLE_STRICT_OBJC_MSGSEND = YES;
				ENABLE_TESTABILITY = YES;
				GCC_C_LANGUAGE_STANDARD = gnu11;
				GCC_DYNAMIC_NO_PIC = NO;
				GCC_NO_COMMON_BLOCKS = YES;
				GCC_OPTIMIZATION_LEVEL = 0;
				GCC_PREPROCESSOR_DEFINITIONS = (
					"DEBUG=1",
					"$(inherited)",
				);
				GCC_WARN_64_TO_32_BIT_CONVERSION = YES;
				GCC_WARN_ABOUT_RETURN_TYPE = YES_ERROR;
				GCC_WARN_UNDECLARED_SELECTOR = YES;
				GCC_WARN_UNINITIALIZED_AUTOS = YES_AGGRESSIVE;
				GCC_WARN_UNUSED_FUNCTION = YES;
				GCC_WARN_UNUSED_VARIABLE = YES;
				IPHONEOS_DEPLOYMENT_TARGET = 11.2;
				MTL_ENABLE_DEBUG_INFO = YES;
				ONLY_ACTIVE_ARCH = YES;
				SDKROOT = iphoneos;
			};
			name = Debug;
		};
		026B513E20FCA6D70014030F /* Release */ = {
			isa = XCBuildConfiguration;
			buildSettings = {
				ALWAYS_SEARCH_USER_PATHS = NO;
				CLANG_ANALYZER_NONNULL = YES;
				CLANG_ANALYZER_NUMBER_OBJECT_CONVERSION = YES_AGGRESSIVE;
				CLANG_CXX_LANGUAGE_STANDARD = "gnu++14";
				CLANG_CXX_LIBRARY = "libc++";
				CLANG_ENABLE_MODULES = YES;
				CLANG_ENABLE_OBJC_ARC = YES;
				CLANG_WARN_BLOCK_CAPTURE_AUTORELEASING = YES;
				CLANG_WARN_BOOL_CONVERSION = YES;
				CLANG_WARN_COMMA = YES;
				CLANG_WARN_CONSTANT_CONVERSION = YES;
				CLANG_WARN_DIRECT_OBJC_ISA_USAGE = YES_ERROR;
				CLANG_WARN_DOCUMENTATION_COMMENTS = YES;
				CLANG_WARN_EMPTY_BODY = YES;
				CLANG_WARN_ENUM_CONVERSION = YES;
				CLANG_WARN_INFINITE_RECURSION = YES;
				CLANG_WARN_INT_CONVERSION = YES;
				CLANG_WARN_NON_LITERAL_NULL_CONVERSION = YES;
				CLANG_WARN_OBJC_LITERAL_CONVERSION = YES;
				CLANG_WARN_OBJC_ROOT_CLASS = YES_ERROR;
				CLANG_WARN_RANGE_LOOP_ANALYSIS = YES;
				CLANG_WARN_STRICT_PROTOTYPES = YES;
				CLANG_WARN_SUSPICIOUS_MOVE = YES;
				CLANG_WARN_UNGUARDED_AVAILABILITY = YES_AGGRESSIVE;
				CLANG_WARN_UNREACHABLE_CODE = YES;
				CLANG_WARN__DUPLICATE_METHOD_MATCH = YES;
				CODE_SIGN_IDENTITY = "iPhone Developer";
				COPY_PHASE_STRIP = NO;
				DEBUG_INFORMATION_FORMAT = "dwarf-with-dsym";
				ENABLE_NS_ASSERTIONS = NO;
				ENABLE_STRICT_OBJC_MSGSEND = YES;
				GCC_C_LANGUAGE_STANDARD = gnu11;
				GCC_NO_COMMON_BLOCKS = YES;
				GCC_WARN_64_TO_32_BIT_CONVERSION = YES;
				GCC_WARN_ABOUT_RETURN_TYPE = YES_ERROR;
				GCC_WARN_UNDECLARED_SELECTOR = YES;
				GCC_WARN_UNINITIALIZED_AUTOS = YES_AGGRESSIVE;
				GCC_WARN_UNUSED_FUNCTION = YES;
				GCC_WARN_UNUSED_VARIABLE = YES;
				IPHONEOS_DEPLOYMENT_TARGET = 11.2;
				MTL_ENABLE_DEBUG_INFO = NO;
				SDKROOT = iphoneos;
				VALIDATE_PRODUCT = YES;
			};
			name = Release;
		};
		026B514020FCA6D70014030F /* Debug */ = {
			isa = XCBuildConfiguration;
			baseConfigurationReference = EA7CA7FB454DD1829096344E /* Pods-WeatherViper.debug.xcconfig */;
			buildSettings = {
				ASSETCATALOG_COMPILER_APPICON_NAME = AppIcon;
				CODE_SIGN_STYLE = Automatic;
				INFOPLIST_FILE = WeatherViper/Info.plist;
				LD_RUNPATH_SEARCH_PATHS = "$(inherited) @executable_path/Frameworks";
				PRODUCT_BUNDLE_IDENTIFIER = sbt.WeatherViper;
				PRODUCT_NAME = "$(TARGET_NAME)";
				TARGETED_DEVICE_FAMILY = "1,2";
			};
			name = Debug;
		};
		026B514120FCA6D70014030F /* Release */ = {
			isa = XCBuildConfiguration;
			baseConfigurationReference = 3181F11F3B9ED4AB65CC3309 /* Pods-WeatherViper.release.xcconfig */;
			buildSettings = {
				ASSETCATALOG_COMPILER_APPICON_NAME = AppIcon;
				CODE_SIGN_STYLE = Automatic;
				INFOPLIST_FILE = WeatherViper/Info.plist;
				LD_RUNPATH_SEARCH_PATHS = "$(inherited) @executable_path/Frameworks";
				PRODUCT_BUNDLE_IDENTIFIER = sbt.WeatherViper;
				PRODUCT_NAME = "$(TARGET_NAME)";
				TARGETED_DEVICE_FAMILY = "1,2";
			};
			name = Release;
		};
		026B514320FCA6D70014030F /* Debug */ = {
			isa = XCBuildConfiguration;
			buildSettings = {
				BUNDLE_LOADER = "$(TEST_HOST)";
				CODE_SIGN_STYLE = Automatic;
				INFOPLIST_FILE = WeatherViperTests/Info.plist;
				LD_RUNPATH_SEARCH_PATHS = "$(inherited) @executable_path/Frameworks @loader_path/Frameworks";
				PRODUCT_BUNDLE_IDENTIFIER = sbt.WeatherViperTests;
				PRODUCT_NAME = "$(TARGET_NAME)";
				TARGETED_DEVICE_FAMILY = "1,2";
				TEST_HOST = "$(BUILT_PRODUCTS_DIR)/WeatherViper.app/WeatherViper";
			};
			name = Debug;
		};
		026B514420FCA6D70014030F /* Release */ = {
			isa = XCBuildConfiguration;
			buildSettings = {
				BUNDLE_LOADER = "$(TEST_HOST)";
				CODE_SIGN_STYLE = Automatic;
				INFOPLIST_FILE = WeatherViperTests/Info.plist;
				LD_RUNPATH_SEARCH_PATHS = "$(inherited) @executable_path/Frameworks @loader_path/Frameworks";
				PRODUCT_BUNDLE_IDENTIFIER = sbt.WeatherViperTests;
				PRODUCT_NAME = "$(TARGET_NAME)";
				TARGETED_DEVICE_FAMILY = "1,2";
				TEST_HOST = "$(BUILT_PRODUCTS_DIR)/WeatherViper.app/WeatherViper";
			};
			name = Release;
		};
		026B514620FCA6D70014030F /* Debug */ = {
			isa = XCBuildConfiguration;
			buildSettings = {
				CODE_SIGN_STYLE = Automatic;
				INFOPLIST_FILE = WeatherViperUITests/Info.plist;
				LD_RUNPATH_SEARCH_PATHS = "$(inherited) @executable_path/Frameworks @loader_path/Frameworks";
				PRODUCT_BUNDLE_IDENTIFIER = sbt.WeatherViperUITests;
				PRODUCT_NAME = "$(TARGET_NAME)";
				TARGETED_DEVICE_FAMILY = "1,2";
				TEST_TARGET_NAME = WeatherViper;
			};
			name = Debug;
		};
		026B514720FCA6D70014030F /* Release */ = {
			isa = XCBuildConfiguration;
			buildSettings = {
				CODE_SIGN_STYLE = Automatic;
				INFOPLIST_FILE = WeatherViperUITests/Info.plist;
				LD_RUNPATH_SEARCH_PATHS = "$(inherited) @executable_path/Frameworks @loader_path/Frameworks";
				PRODUCT_BUNDLE_IDENTIFIER = sbt.WeatherViperUITests;
				PRODUCT_NAME = "$(TARGET_NAME)";
				TARGETED_DEVICE_FAMILY = "1,2";
				TEST_TARGET_NAME = WeatherViper;
			};
			name = Release;
		};
/* End XCBuildConfiguration section */

/* Begin XCConfigurationList section */
		026B510E20FCA6D70014030F /* Build configuration list for PBXProject "WeatherViper" */ = {
			isa = XCConfigurationList;
			buildConfigurations = (
				026B513D20FCA6D70014030F /* Debug */,
				026B513E20FCA6D70014030F /* Release */,
			);
			defaultConfigurationIsVisible = 0;
			defaultConfigurationName = Release;
		};
		026B513F20FCA6D70014030F /* Build configuration list for PBXNativeTarget "WeatherViper" */ = {
			isa = XCConfigurationList;
			buildConfigurations = (
				026B514020FCA6D70014030F /* Debug */,
				026B514120FCA6D70014030F /* Release */,
			);
			defaultConfigurationIsVisible = 0;
			defaultConfigurationName = Release;
		};
		026B514220FCA6D70014030F /* Build configuration list for PBXNativeTarget "WeatherViperTests" */ = {
			isa = XCConfigurationList;
			buildConfigurations = (
				026B514320FCA6D70014030F /* Debug */,
				026B514420FCA6D70014030F /* Release */,
			);
			defaultConfigurationIsVisible = 0;
			defaultConfigurationName = Release;
		};
		026B514520FCA6D70014030F /* Build configuration list for PBXNativeTarget "WeatherViperUITests" */ = {
			isa = XCConfigurationList;
			buildConfigurations = (
				026B514620FCA6D70014030F /* Debug */,
				026B514720FCA6D70014030F /* Release */,
			);
			defaultConfigurationIsVisible = 0;
			defaultConfigurationName = Release;
		};
/* End XCConfigurationList section */
	};
	rootObject = 026B510B20FCA6D70014030F /* Project object */;
}
